
Microsoft Visual Studio Solution File, Format Version 12.00
# Visual Studio Version 17
VisualStudioVersion = 17.4.33213.308
MinimumVisualStudioVersion = 10.0.40219.1
Project("{FAE04EC0-301F-11D3-BF4B-00C04F79EFBC}") = "PlexDateAddedUpdater", "PlexDateAddedUpdater\PlexDateAddedUpdater.csproj", "{980F0414-8D6F-48B9-8A24-7892C744DBB8}"
EndProject
Global
	GlobalSection(SolutionConfigurationPlatforms) = preSolution
		Debug|Any CPU = Debug|Any CPU
		Release|Any CPU = Release|Any CPU
	EndGlobalSection
	GlobalSection(ProjectConfigurationPlatforms) = postSolution
		{980F0414-8D6F-48B9-8A24-7892C744DBB8}.Debug|Any CPU.ActiveCfg = Debug|Any CPU
		{980F0414-8D6F-48B9-8A24-7892C744DBB8}.Debug|Any CPU.Build.0 = Debug|Any CPU
		{980F0414-8D6F-48B9-8A24-7892C744DBB8}.Release|Any CPU.ActiveCfg = Release|Any CPU
		{980F0414-8D6F-48B9-8A24-7892C744DBB8}.Release|Any CPU.Build.0 = Release|Any CPU
	EndGlobalSection
	GlobalSection(SolutionProperties) = preSolution
		HideSolutionNode = FALSE
	EndGlobalSection
	GlobalSection(ExtensibilityGlobals) = postSolution
		SolutionGuid = {6DA3BB8E-9531-4AC7-AC08-2331C8D18002}
	EndGlobalSection
EndGlobal
